# THIS IS AN AUTOGENERATED FILE. DO NOT EDIT THIS FILE DIRECTLY.
# yarn lockfile v1


"@fortawesome/fontawesome-free@^5.3.1":
  version "5.3.1"
  resolved "https://registry.yarnpkg.com/@fortawesome/fontawesome-free/-/fontawesome-free-5.3.1.tgz#5466b8f31c1f493a96754c1426c25796d0633dd9"

animate.css@^3.7.0:
  version "3.7.0"
  resolved "https://registry.yarnpkg.com/animate.css/-/animate.css-3.7.0.tgz#5de25d1ee5fba11ba6a1e2c4fa568f512eb7d4da"

materialize-css@^1.0.0-rc.2:
  version "1.0.0-rc.2"
  resolved "https://registry.yarnpkg.com/materialize-css/-/materialize-css-1.0.0-rc.2.tgz#b9e6b18f698c6ef77bb6b628d59147faf131eff5"
